Microsoft Visual Studio Solution File, Format Version 12.00
# 
Project("{2150E333-8FDC-42A3-9474-1A3956D46DE8}") = "Solution Items", "Solution Items", "{B283EBC2-E01F-412D-9339-FD56EF114549}"
	ProjectSection(SolutionItems) = preProject
		..\Directory.Build.props = ..\Directory.Build.props
		..\Directory.Build.targets = ..\Directory.Build.targets
		..\..\..\global.json = ..\..\..\global.json
		..\..\..\Packages\Versions.Local.props = ..\..\..\Packages\Versions.Local.props
	EndProjectSection
EndProject
Project("{FAE04EC0-301F-11D3-BF4B-00C04F79EFBC}") = "Dgmjr.VerifiableCredentials.Models", "..\Models\Dgmjr.VerifiableCredentials.Models.csproj", "{654E6D28-7BB9-49A9-A175-ECA9E5DF16DD}"
EndProject
Project("{FAE04EC0-301F-11D3-BF4B-00C04F79EFBC}") = "Dgmjr.VerifiableCredentials.Services", "..\Services\Dgmjr.VerifiableCredentials.Services.csproj", "{314F17EF-A42C-4191-8D11-F059A0FB779B}"
EndProject
Project("{FAE04EC0-301F-11D3-BF4B-00C04F79EFBC}") = "Dgmjr.VerifiableCredentials", "Dgmjr.VerifiableCredentials.csproj", "{DF1E2999-2ED5-4FA3-B367-4A88BF581693}"
EndProject
Global
	GlobalSection(SolutionConfigurationPlatforms) = preSolution
		Local|Any CPU = Local|Any CPU
		Debug|Any CPU = Debug|Any CPU
		Testing|Any CPU = Testing|Any CPU
		Staging|Any CPU = Staging|Any CPU
		Production|Any CPU = Production|Any CPU
		Release|Any CPU = Release|Any CPU
	EndGlobalSection
	GlobalSection(ProjectConfigurationPlatforms) = postSolution
		{654E6D28-7BB9-49A9-A175-ECA9E5DF16DD}.Local|Any CPU.ActiveCfg = Local|Any CPU
		{654E6D28-7BB9-49A9-A175-ECA9E5DF16DD}.Local|Any CPU.Build.0 = Local|Any CPU
		{654E6D28-7BB9-49A9-A175-ECA9E5DF16DD}.Debug|Any CPU.ActiveCfg = Debug|Any CPU
		{654E6D28-7BB9-49A9-A175-ECA9E5DF16DD}.Debug|Any CPU.Build.0 = Debug|Any CPU
		{654E6D28-7BB9-49A9-A175-ECA9E5DF16DD}.Testing|Any CPU.ActiveCfg = Testing|Any CPU
		{654E6D28-7BB9-49A9-A175-ECA9E5DF16DD}.Testing|Any CPU.Build.0 = Testing|Any CPU
		{654E6D28-7BB9-49A9-A175-ECA9E5DF16DD}.Staging|Any CPU.ActiveCfg = Staging|Any CPU
		{654E6D28-7BB9-49A9-A175-ECA9E5DF16DD}.Staging|Any CPU.Build.0 = Staging|Any CPU
		{654E6D28-7BB9-49A9-A175-ECA9E5DF16DD}.Production|Any CPU.ActiveCfg = Local|Any CPU
		{654E6D28-7BB9-49A9-A175-ECA9E5DF16DD}.Production|Any CPU.Build.0 = Local|Any CPU
		{654E6D28-7BB9-49A9-A175-ECA9E5DF16DD}.Release|Any CPU.ActiveCfg = Release|Any CPU
		{654E6D28-7BB9-49A9-A175-ECA9E5DF16DD}.Release|Any CPU.Build.0 = Release|Any CPU
		{314F17EF-A42C-4191-8D11-F059A0FB779B}.Local|Any CPU.ActiveCfg = Local|Any CPU
		{314F17EF-A42C-4191-8D11-F059A0FB779B}.Local|Any CPU.Build.0 = Local|Any CPU
		{314F17EF-A42C-4191-8D11-F059A0FB779B}.Debug|Any CPU.ActiveCfg = Debug|Any CPU
		{314F17EF-A42C-4191-8D11-F059A0FB779B}.Debug|Any CPU.Build.0 = Debug|Any CPU
		{314F17EF-A42C-4191-8D11-F059A0FB779B}.Testing|Any CPU.ActiveCfg = Testing|Any CPU
		{314F17EF-A42C-4191-8D11-F059A0FB779B}.Testing|Any CPU.Build.0 = Testing|Any CPU
		{314F17EF-A42C-4191-8D11-F059A0FB779B}.Staging|Any CPU.ActiveCfg = Staging|Any CPU
		{314F17EF-A42C-4191-8D11-F059A0FB779B}.Staging|Any CPU.Build.0 = Staging|Any CPU
		{314F17EF-A42C-4191-8D11-F059A0FB779B}.Production|Any CPU.ActiveCfg = Local|Any CPU
		{314F17EF-A42C-4191-8D11-F059A0FB779B}.Production|Any CPU.Build.0 = Local|Any CPU
		{314F17EF-A42C-4191-8D11-F059A0FB779B}.Release|Any CPU.ActiveCfg = Release|Any CPU
		{314F17EF-A42C-4191-8D11-F059A0FB779B}.Release|Any CPU.Build.0 = Release|Any CPU
		{DF1E2999-2ED5-4FA3-B367-4A88BF581693}.Local|Any CPU.ActiveCfg = Local|Any CPU
		{DF1E2999-2ED5-4FA3-B367-4A88BF581693}.Local|Any CPU.Build.0 = Local|Any CPU
		{DF1E2999-2ED5-4FA3-B367-4A88BF581693}.Debug|Any CPU.ActiveCfg = Debug|Any CPU
		{DF1E2999-2ED5-4FA3-B367-4A88BF581693}.Debug|Any CPU.Build.0 = Debug|Any CPU
		{DF1E2999-2ED5-4FA3-B367-4A88BF581693}.Testing|Any CPU.ActiveCfg = Testing|Any CPU
		{DF1E2999-2ED5-4FA3-B367-4A88BF581693}.Testing|Any CPU.Build.0 = Testing|Any CPU
		{DF1E2999-2ED5-4FA3-B367-4A88BF581693}.Staging|Any CPU.ActiveCfg = Staging|Any CPU
		{DF1E2999-2ED5-4FA3-B367-4A88BF581693}.Staging|Any CPU.Build.0 = Staging|Any CPU
		{DF1E2999-2ED5-4FA3-B367-4A88BF581693}.Production|Any CPU.ActiveCfg = Local|Any CPU
		{DF1E2999-2ED5-4FA3-B367-4A88BF581693}.Production|Any CPU.Build.0 = Local|Any CPU
		{DF1E2999-2ED5-4FA3-B367-4A88BF581693}.Release|Any CPU.ActiveCfg = Release|Any CPU
		{DF1E2999-2ED5-4FA3-B367-4A88BF581693}.Release|Any CPU.Build.0 = Release|Any CPU
	EndGlobalSection
	GlobalSection(SolutionProperties) = preSolution
		HideSolutionNode = FALSE
	EndGlobalSection
	GlobalSection(ExtensibilityGlobals) = postSolution
		SolutionGuid = {9030E5DD-0C8D-46DA-9F6F-35968EEC12D1}
	EndGlobalSection
EndGlobal
